
Microsoft Visual Studio Solution File, Format Version 12.00
# Visual Studio Version 17
VisualStudioVersion = 17.0.32002.185
MinimumVisualStudioVersion = 10.0.40219.1
Project("{FAE04EC0-301F-11D3-BF4B-00C04F79EFBC}") = "LabAbstractions2", "LabAbstractions2\LabAbstractions2.csproj", "{5EDAB03A-B8EF-48E3-9CCF-93DE3FDDF576}"
EndProject
Global
	GlobalSection(SolutionConfigurationPlatforms) = preSolution
		Debug|Any CPU = Debug|Any CPU
		Release|Any CPU = Release|Any CPU
	EndGlobalSection
	GlobalSection(ProjectConfigurationPlatforms) = postSolution
		{5EDAB03A-B8EF-48E3-9CCF-93DE3FDDF576}.Debug|Any CPU.ActiveCfg = Debug|Any CPU
		{5EDAB03A-B8EF-48E3-9CCF-93DE3FDDF576}.Debug|Any CPU.Build.0 = Debug|Any CPU
		{5EDAB03A-B8EF-48E3-9CCF-93DE3FDDF576}.Release|Any CPU.ActiveCfg = Release|Any CPU
		{5EDAB03A-B8EF-48E3-9CCF-93DE3FDDF576}.Release|Any CPU.Build.0 = Release|Any CPU
	EndGlobalSection
	GlobalSection(SolutionProperties) = preSolution
		HideSolutionNode = FALSE
	EndGlobalSection
	GlobalSection(ExtensibilityGlobals) = postSolution
		SolutionGuid = {5AF762DF-96FB-4D54-BFED-EF9B7933EA32}
	EndGlobalSection
EndGlobal
